
Microsoft Visual Studio Solution File, Format Version 12.00
# Visual Studio 14
VisualStudioVersion = 14.0.24720.0
MinimumVisualStudioVersion = 10.0.40219.1
Project("{FAE04EC0-301F-11D3-BF4B-00C04F79EFBC}") = "BreadCrumbs.UWP", "BreadCrumbs.UWP\BreadCrumbs.UWP.csproj", "{1FBD9B7D-C381-4AFE-BF20-68E597630A78}"
EndProject
Project("{FAE04EC0-301F-11D3-BF4B-00C04F79EFBC}") = "BreadCrumbs.PCL", "BreadCrumbs.PCL\BreadCrumbs.PCL.csproj", "{1F2AAE2D-B47A-4B36-9F08-9FDC072A9753}"
EndProject
Project("{FAE04EC0-301F-11D3-BF4B-00C04F79EFBC}") = "BreadCrumbs.Droid", "BreadCrumbs.Droid\BreadCrumbs.Droid.csproj", "{28D4D5B7-BFB6-424A-B544-9D2A5AFD2AE2}"
EndProject
Project("{FAE04EC0-301F-11D3-BF4B-00C04F79EFBC}") = "BreadCrumbs.iOS", "BreadCrumbs.iOS\BreadCrumbs.iOS.csproj", "{42017266-CB79-4739-9299-F51E09AF5A0A}"
EndProject
Project("{D954291E-2A0B-460D-934E-DC6B0785DB48}") = "BreadCrumbs.Shared", "BreadCrumbs.Shared\BreadCrumbs.Shared.shproj", "{381E2560-8F74-40D4-BFEC-CEF46CC6700D}"
EndProject
Global
	GlobalSection(SharedMSBuildProjectFiles) = preSolution
		BreadCrumbs.Shared\BreadCrumbs.Shared.projitems*{1fbd9b7d-c381-4afe-bf20-68e597630a78}*SharedItemsImports = 4
		BreadCrumbs.Shared\BreadCrumbs.Shared.projitems*{28d4d5b7-bfb6-424a-b544-9d2a5afd2ae2}*SharedItemsImports = 4
		BreadCrumbs.Shared\BreadCrumbs.Shared.projitems*{381e2560-8f74-40d4-bfec-cef46cc6700d}*SharedItemsImports = 13
		BreadCrumbs.Shared\BreadCrumbs.Shared.projitems*{42017266-cb79-4739-9299-f51e09af5a0a}*SharedItemsImports = 4
	EndGlobalSection
	GlobalSection(SolutionConfigurationPlatforms) = preSolution
		Debug|Any CPU = Debug|Any CPU
		Debug|ARM = Debug|ARM
		Debug|iPhone = Debug|iPhone
		Debug|iPhoneSimulator = Debug|iPhoneSimulator
		Debug|x64 = Debug|x64
		Debug|x86 = Debug|x86
		Release|Any CPU = Release|Any CPU
		Release|ARM = Release|ARM
		Release|iPhone = Release|iPhone
		Release|iPhoneSimulator = Release|iPhoneSimulator
		Release|x64 = Release|x64
		Release|x86 = Release|x86
	EndGlobalSection
	GlobalSection(ProjectConfigurationPlatforms) = postSolution
		{1FBD9B7D-C381-4AFE-BF20-68E597630A78}.Debug|Any CPU.ActiveCfg = Debug|x86
		{1FBD9B7D-C381-4AFE-BF20-68E597630A78}.Debug|ARM.ActiveCfg = Debug|ARM
		{1FBD9B7D-C381-4AFE-BF20-68E597630A78}.Debug|ARM.Build.0 = Debug|ARM
		{1FBD9B7D-C381-4AFE-BF20-68E597630A78}.Debug|ARM.Deploy.0 = Debug|ARM
		{1FBD9B7D-C381-4AFE-BF20-68E597630A78}.Debug|iPhone.ActiveCfg = Debug|x86
		{1FBD9B7D-C381-4AFE-BF20-68E597630A78}.Debug|iPhoneSimulator.ActiveCfg = Debug|x86
		{1FBD9B7D-C381-4AFE-BF20-68E597630A78}.Debug|x64.ActiveCfg = Debug|x64
		{1FBD9B7D-C381-4AFE-BF20-68E597630A78}.Debug|x64.Build.0 = Debug|x64
		{1FBD9B7D-C381-4AFE-BF20-68E597630A78}.Debug|x64.Deploy.0 = Debug|x64
		{1FBD9B7D-C381-4AFE-BF20-68E597630A78}.Debug|x86.ActiveCfg = Debug|x86
		{1FBD9B7D-C381-4AFE-BF20-68E597630A78}.Debug|x86.Build.0 = Debug|x86
		{1FBD9B7D-C381-4AFE-BF20-68E597630A78}.Debug|x86.Deploy.0 = Debug|x86
		{1FBD9B7D-C381-4AFE-BF20-68E597630A78}.Release|Any CPU.ActiveCfg = Release|x86
		{1FBD9B7D-C381-4AFE-BF20-68E597630A78}.Release|ARM.ActiveCfg = Release|ARM
		{1FBD9B7D-C381-4AFE-BF20-68E597630A78}.Release|ARM.Build.0 = Release|ARM
		{1FBD9B7D-C381-4AFE-BF20-68E597630A78}.Release|ARM.Deploy.0 = Release|ARM
		{1FBD9B7D-C381-4AFE-BF20-68E597630A78}.Release|iPhone.ActiveCfg = Release|x86
		{1FBD9B7D-C381-4AFE-BF20-68E597630A78}.Release|iPhoneSimulator.ActiveCfg = Release|x86
		{1FBD9B7D-C381-4AFE-BF20-68E597630A78}.Release|x64.ActiveCfg = Release|x64
		{1FBD9B7D-C381-4AFE-BF20-68E597630A78}.Release|x64.Build.0 = Release|x64
		{1FBD9B7D-C381-4AFE-BF20-68E597630A78}.Release|x64.Deploy.0 = Release|x64
		{1FBD9B7D-C381-4AFE-BF20-68E597630A78}.Release|x86.ActiveCfg = Release|x86
		{1FBD9B7D-C381-4AFE-BF20-68E597630A78}.Release|x86.Build.0 = Release|x86
		{1FBD9B7D-C381-4AFE-BF20-68E597630A78}.Release|x86.Deploy.0 = Release|x86
		{1F2AAE2D-B47A-4B36-9F08-9FDC072A9753}.Debug|Any CPU.ActiveCfg = Debug|Any CPU
		{1F2AAE2D-B47A-4B36-9F08-9FDC072A9753}.Debug|Any CPU.Build.0 = Debug|Any CPU
		{1F2AAE2D-B47A-4B36-9F08-9FDC072A9753}.Debug|ARM.ActiveCfg = Debug|Any CPU
		{1F2AAE2D-B47A-4B36-9F08-9FDC072A9753}.Debug|ARM.Build.0 = Debug|Any CPU
		{1F2AAE2D-B47A-4B36-9F08-9FDC072A9753}.Debug|iPhone.ActiveCfg = Debug|Any CPU
		{1F2AAE2D-B47A-4B36-9F08-9FDC072A9753}.Debug|iPhone.Build.0 = Debug|Any CPU
		{1F2AAE2D-B47A-4B36-9F08-9FDC072A9753}.Debug|iPhoneSimulator.ActiveCfg = Debug|Any CPU
		{1F2AAE2D-B47A-4B36-9F08-9FDC072A9753}.Debug|iPhoneSimulator.Build.0 = Debug|Any CPU
		{1F2AAE2D-B47A-4B36-9F08-9FDC072A9753}.Debug|x64.ActiveCfg = Debug|Any CPU
		{1F2AAE2D-B47A-4B36-9F08-9FDC072A9753}.Debug|x64.Build.0 = Debug|Any CPU
		{1F2AAE2D-B47A-4B36-9F08-9FDC072A9753}.Debug|x86.ActiveCfg = Debug|Any CPU
		{1F2AAE2D-B47A-4B36-9F08-9FDC072A9753}.Debug|x86.Build.0 = Debug|Any CPU
		{1F2AAE2D-B47A-4B36-9F08-9FDC072A9753}.Release|Any CPU.ActiveCfg = Release|Any CPU
		{1F2AAE2D-B47A-4B36-9F08-9FDC072A9753}.Release|Any CPU.Build.0 = Release|Any CPU
		{1F2AAE2D-B47A-4B36-9F08-9FDC072A9753}.Release|ARM.ActiveCfg = Release|Any CPU
		{1F2AAE2D-B47A-4B36-9F08-9FDC072A9753}.Release|ARM.Build.0 = Release|Any CPU
		{1F2AAE2D-B47A-4B36-9F08-9FDC072A9753}.Release|iPhone.ActiveCfg = Release|Any CPU
		{1F2AAE2D-B47A-4B36-9F08-9FDC072A9753}.Release|iPhone.Build.0 = Release|Any CPU
		{1F2AAE2D-B47A-4B36-9F08-9FDC072A9753}.Release|iPhoneSimulator.ActiveCfg = Release|Any CPU
		{1F2AAE2D-B47A-4B36-9F08-9FDC072A9753}.Release|iPhoneSimulator.Build.0 = Release|Any CPU
		{1F2AAE2D-B47A-4B36-9F08-9FDC072A9753}.Release|x64.ActiveCfg = Release|Any CPU
		{1F2AAE2D-B47A-4B36-9F08-9FDC072A9753}.Release|x64.Build.0 = Release|Any CPU
		{1F2AAE2D-B47A-4B36-9F08-9FDC072A9753}.Release|x86.ActiveCfg = Release|Any CPU
		{1F2AAE2D-B47A-4B36-9F08-9FDC072A9753}.Release|x86.Build.0 = Release|Any CPU
		{28D4D5B7-BFB6-424A-B544-9D2A5AFD2AE2}.Debug|Any CPU.ActiveCfg = Debug|Any CPU
		{28D4D5B7-BFB6-424A-B544-9D2A5AFD2AE2}.Debug|Any CPU.Build.0 = Debug|Any CPU
		{28D4D5B7-BFB6-424A-B544-9D2A5AFD2AE2}.Debug|Any CPU.Deploy.0 = Debug|Any CPU
		{28D4D5B7-BFB6-424A-B544-9D2A5AFD2AE2}.Debug|ARM.ActiveCfg = Debug|Any CPU
		{28D4D5B7-BFB6-424A-B544-9D2A5AFD2AE2}.Debug|ARM.Build.0 = Debug|Any CPU
		{28D4D5B7-BFB6-424A-B544-9D2A5AFD2AE2}.Debug|ARM.Deploy.0 = Debug|Any CPU
		{28D4D5B7-BFB6-424A-B544-9D2A5AFD2AE2}.Debug|iPhone.ActiveCfg = Debug|Any CPU
		{28D4D5B7-BFB6-424A-B544-9D2A5AFD2AE2}.Debug|iPhone.Build.0 = Debug|Any CPU
		{28D4D5B7-BFB6-424A-B544-9D2A5AFD2AE2}.Debug|iPhoneSimulator.ActiveCfg = Debug|Any CPU
		{28D4D5B7-BFB6-424A-B544-9D2A5AFD2AE2}.Debug|iPhoneSimulator.Build.0 = Debug|Any CPU
		{28D4D5B7-BFB6-424A-B544-9D2A5AFD2AE2}.Debug|x64.ActiveCfg = Debug|Any CPU
		{28D4D5B7-BFB6-424A-B544-9D2A5AFD2AE2}.Debug|x64.Build.0 = Debug|Any CPU
		{28D4D5B7-BFB6-424A-B544-9D2A5AFD2AE2}.Debug|x64.Deploy.0 = Debug|Any CPU
		{28D4D5B7-BFB6-424A-B544-9D2A5AFD2AE2}.Debug|x86.ActiveCfg = Debug|Any CPU
		{28D4D5B7-BFB6-424A-B544-9D2A5AFD2AE2}.Debug|x86.Build.0 = Debug|Any CPU
		{28D4D5B7-BFB6-424A-B544-9D2A5AFD2AE2}.Debug|x86.Deploy.0 = Debug|Any CPU
		{28D4D5B7-BFB6-424A-B544-9D2A5AFD2AE2}.Release|Any CPU.ActiveCfg = Release|Any CPU
		{28D4D5B7-BFB6-424A-B544-9D2A5AFD2AE2}.Release|Any CPU.Build.0 = Release|Any CPU
		{28D4D5B7-BFB6-424A-B544-9D2A5AFD2AE2}.Release|Any CPU.Deploy.0 = Release|Any CPU
		{28D4D5B7-BFB6-424A-B544-9D2A5AFD2AE2}.Release|ARM.ActiveCfg = Release|Any CPU
		{28D4D5B7-BFB6-424A-B544-9D2A5AFD2AE2}.Release|ARM.Build.0 = Release|Any CPU
		{28D4D5B7-BFB6-424A-B544-9D2A5AFD2AE2}.Release|ARM.Deploy.0 = Release|Any CPU
		{28D4D5B7-BFB6-424A-B544-9D2A5AFD2AE2}.Release|iPhone.ActiveCfg = Release|Any CPU
		{28D4D5B7-BFB6-424A-B544-9D2A5AFD2AE2}.Release|iPhone.Build.0 = Release|Any CPU
		{28D4D5B7-BFB6-424A-B544-9D2A5AFD2AE2}.Release|iPhoneSimulator.ActiveCfg = Release|Any CPU
		{28D4D5B7-BFB6-424A-B544-9D2A5AFD2AE2}.Release|iPhoneSimulator.Build.0 = Release|Any CPU
		{28D4D5B7-BFB6-424A-B544-9D2A5AFD2AE2}.Release|x64.ActiveCfg = Release|Any CPU
		{28D4D5B7-BFB6-424A-B544-9D2A5AFD2AE2}.Release|x64.Build.0 = Release|Any CPU
		{28D4D5B7-BFB6-424A-B544-9D2A5AFD2AE2}.Release|x64.Deploy.0 = Release|Any CPU
		{28D4D5B7-BFB6-424A-B544-9D2A5AFD2AE2}.Release|x86.ActiveCfg = Release|Any CPU
		{28D4D5B7-BFB6-424A-B544-9D2A5AFD2AE2}.Release|x86.Build.0 = Release|Any CPU
		{28D4D5B7-BFB6-424A-B544-9D2A5AFD2AE2}.Release|x86.Deploy.0 = Release|Any CPU
		{42017266-CB79-4739-9299-F51E09AF5A0A}.Debug|Any CPU.ActiveCfg = Debug|iPhoneSimulator
		{42017266-CB79-4739-9299-F51E09AF5A0A}.Debug|Any CPU.Build.0 = Debug|iPhoneSimulator
		{42017266-CB79-4739-9299-F51E09AF5A0A}.Debug|ARM.ActiveCfg = Debug|iPhoneSimulator
		{42017266-CB79-4739-9299-F51E09AF5A0A}.Debug|ARM.Build.0 = Debug|iPhoneSimulator
		{42017266-CB79-4739-9299-F51E09AF5A0A}.Debug|iPhone.ActiveCfg = Debug|iPhone
		{42017266-CB79-4739-9299-F51E09AF5A0A}.Debug|iPhone.Build.0 = Debug|iPhone
		{42017266-CB79-4739-9299-F51E09AF5A0A}.Debug|iPhoneSimulator.ActiveCfg = Debug|iPhoneSimulator
		{42017266-CB79-4739-9299-F51E09AF5A0A}.Debug|iPhoneSimulator.Build.0 = Debug|iPhoneSimulator
		{42017266-CB79-4739-9299-F51E09AF5A0A}.Debug|x64.ActiveCfg = Debug|iPhoneSimulator
		{42017266-CB79-4739-9299-F51E09AF5A0A}.Debug|x64.Build.0 = Debug|iPhoneSimulator
		{42017266-CB79-4739-9299-F51E09AF5A0A}.Debug|x86.ActiveCfg = Debug|iPhoneSimulator
		{42017266-CB79-4739-9299-F51E09AF5A0A}.Debug|x86.Build.0 = Debug|iPhoneSimulator
		{42017266-CB79-4739-9299-F51E09AF5A0A}.Release|Any CPU.ActiveCfg = Release|iPhone
		{42017266-CB79-4739-9299-F51E09AF5A0A}.Release|Any CPU.Build.0 = Release|iPhone
		{42017266-CB79-4739-9299-F51E09AF5A0A}.Release|ARM.ActiveCfg = Release|iPhone
		{42017266-CB79-4739-9299-F51E09AF5A0A}.Release|ARM.Build.0 = Release|iPhone
		{42017266-CB79-4739-9299-F51E09AF5A0A}.Release|iPhone.ActiveCfg = Release|iPhone
		{42017266-CB79-4739-9299-F51E09AF5A0A}.Release|iPhone.Build.0 = Release|iPhone
		{42017266-CB79-4739-9299-F51E09AF5A0A}.Release|iPhoneSimulator.ActiveCfg = Release|iPhoneSimulator
		{42017266-CB79-4739-9299-F51E09AF5A0A}.Release|iPhoneSimulator.Build.0 = Release|iPhoneSimulator
		{42017266-CB79-4739-9299-F51E09AF5A0A}.Release|x64.ActiveCfg = Release|iPhone
		{42017266-CB79-4739-9299-F51E09AF5A0A}.Release|x64.Build.0 = Release|iPhone
		{42017266-CB79-4739-9299-F51E09AF5A0A}.Release|x86.ActiveCfg = Release|iPhone
		{42017266-CB79-4739-9299-F51E09AF5A0A}.Release|x86.Build.0 = Release|iPhone
	EndGlobalSection
	GlobalSection(SolutionProperties) = preSolution
		HideSolutionNode = FALSE
	EndGlobalSection
EndGlobal
