
Microsoft Visual Studio Solution File, Format Version 12.00
# Visual Studio 14
VisualStudioVersion = 14.0.24720.0
MinimumVisualStudioVersion = 10.0.40219.1
Project("{FAE04EC0-301F-11D3-BF4B-00C04F79EFBC}") = "BreadCrumbs.UWP", "BreadCrumbs.UWP\BreadCrumbs.UWP.csproj", "{1FBD9B7D-C381-4AFE-BF20-68E597630A78}"
EndProject
Project("{FAE04EC0-301F-11D3-BF4B-00C04F79EFBC}") = "BreadCrumbs.Shared", "BreadCrumbs.Shared\BreadCrumbs.Shared.csproj", "{1F2AAE2D-B47A-4B36-9F08-9FDC072A9753}"
EndProject
Project("{FAE04EC0-301F-11D3-BF4B-00C04F79EFBC}") = "BreadCrumbs.Droid", "BreadCrumbs.Droid\BreadCrumbs.Droid.csproj", "{28D4D5B7-BFB6-424A-B544-9D2A5AFD2AE2}"
EndProject
Global
	GlobalSection(SolutionConfigurationPlatforms) = preSolution
		Debug|Any CPU = Debug|Any CPU
		Debug|ARM = Debug|ARM
		Debug|x64 = Debug|x64
		Debug|x86 = Debug|x86
		Release|Any CPU = Release|Any CPU
		Release|ARM = Release|ARM
		Release|x64 = Release|x64
		Release|x86 = Release|x86
	EndGlobalSection
	GlobalSection(ProjectConfigurationPlatforms) = postSolution
		{1FBD9B7D-C381-4AFE-BF20-68E597630A78}.Debug|Any CPU.ActiveCfg = Debug|x86
		{1FBD9B7D-C381-4AFE-BF20-68E597630A78}.Debug|ARM.ActiveCfg = Debug|ARM
		{1FBD9B7D-C381-4AFE-BF20-68E597630A78}.Debug|ARM.Build.0 = Debug|ARM
		{1FBD9B7D-C381-4AFE-BF20-68E597630A78}.Debug|ARM.Deploy.0 = Debug|ARM
		{1FBD9B7D-C381-4AFE-BF20-68E597630A78}.Debug|x64.ActiveCfg = Debug|x64
		{1FBD9B7D-C381-4AFE-BF20-68E597630A78}.Debug|x64.Build.0 = Debug|x64
		{1FBD9B7D-C381-4AFE-BF20-68E597630A78}.Debug|x64.Deploy.0 = Debug|x64
		{1FBD9B7D-C381-4AFE-BF20-68E597630A78}.Debug|x86.ActiveCfg = Debug|x86
		{1FBD9B7D-C381-4AFE-BF20-68E597630A78}.Debug|x86.Build.0 = Debug|x86
		{1FBD9B7D-C381-4AFE-BF20-68E597630A78}.Debug|x86.Deploy.0 = Debug|x86
		{1FBD9B7D-C381-4AFE-BF20-68E597630A78}.Release|Any CPU.ActiveCfg = Release|x86
		{1FBD9B7D-C381-4AFE-BF20-68E597630A78}.Release|ARM.ActiveCfg = Release|ARM
		{1FBD9B7D-C381-4AFE-BF20-68E597630A78}.Release|ARM.Build.0 = Release|ARM
		{1FBD9B7D-C381-4AFE-BF20-68E597630A78}.Release|ARM.Deploy.0 = Release|ARM
		{1FBD9B7D-C381-4AFE-BF20-68E597630A78}.Release|x64.ActiveCfg = Release|x64
		{1FBD9B7D-C381-4AFE-BF20-68E597630A78}.Release|x64.Build.0 = Release|x64
		{1FBD9B7D-C381-4AFE-BF20-68E597630A78}.Release|x64.Deploy.0 = Release|x64
		{1FBD9B7D-C381-4AFE-BF20-68E597630A78}.Release|x86.ActiveCfg = Release|x86
		{1FBD9B7D-C381-4AFE-BF20-68E597630A78}.Release|x86.Build.0 = Release|x86
		{1FBD9B7D-C381-4AFE-BF20-68E597630A78}.Release|x86.Deploy.0 = Release|x86
		{1F2AAE2D-B47A-4B36-9F08-9FDC072A9753}.Debug|Any CPU.ActiveCfg = Debug|Any CPU
		{1F2AAE2D-B47A-4B36-9F08-9FDC072A9753}.Debug|Any CPU.Build.0 = Debug|Any CPU
		{1F2AAE2D-B47A-4B36-9F08-9FDC072A9753}.Debug|ARM.ActiveCfg = Debug|Any CPU
		{1F2AAE2D-B47A-4B36-9F08-9FDC072A9753}.Debug|ARM.Build.0 = Debug|Any CPU
		{1F2AAE2D-B47A-4B36-9F08-9FDC072A9753}.Debug|x64.ActiveCfg = Debug|Any CPU
		{1F2AAE2D-B47A-4B36-9F08-9FDC072A9753}.Debug|x64.Build.0 = Debug|Any CPU
		{1F2AAE2D-B47A-4B36-9F08-9FDC072A9753}.Debug|x86.ActiveCfg = Debug|Any CPU
		{1F2AAE2D-B47A-4B36-9F08-9FDC072A9753}.Debug|x86.Build.0 = Debug|Any CPU
		{1F2AAE2D-B47A-4B36-9F08-9FDC072A9753}.Release|Any CPU.ActiveCfg = Release|Any CPU
		{1F2AAE2D-B47A-4B36-9F08-9FDC072A9753}.Release|Any CPU.Build.0 = Release|Any CPU
		{1F2AAE2D-B47A-4B36-9F08-9FDC072A9753}.Release|ARM.ActiveCfg = Release|Any CPU
		{1F2AAE2D-B47A-4B36-9F08-9FDC072A9753}.Release|ARM.Build.0 = Release|Any CPU
		{1F2AAE2D-B47A-4B36-9F08-9FDC072A9753}.Release|x64.ActiveCfg = Release|Any CPU
		{1F2AAE2D-B47A-4B36-9F08-9FDC072A9753}.Release|x64.Build.0 = Release|Any CPU
		{1F2AAE2D-B47A-4B36-9F08-9FDC072A9753}.Release|x86.ActiveCfg = Release|Any CPU
		{1F2AAE2D-B47A-4B36-9F08-9FDC072A9753}.Release|x86.Build.0 = Release|Any CPU
		{28D4D5B7-BFB6-424A-B544-9D2A5AFD2AE2}.Debug|Any CPU.ActiveCfg = Debug|Any CPU
		{28D4D5B7-BFB6-424A-B544-9D2A5AFD2AE2}.Debug|Any CPU.Build.0 = Debug|Any CPU
		{28D4D5B7-BFB6-424A-B544-9D2A5AFD2AE2}.Debug|Any CPU.Deploy.0 = Debug|Any CPU
		{28D4D5B7-BFB6-424A-B544-9D2A5AFD2AE2}.Debug|ARM.ActiveCfg = Debug|Any CPU
		{28D4D5B7-BFB6-424A-B544-9D2A5AFD2AE2}.Debug|ARM.Build.0 = Debug|Any CPU
		{28D4D5B7-BFB6-424A-B544-9D2A5AFD2AE2}.Debug|ARM.Deploy.0 = Debug|Any CPU
		{28D4D5B7-BFB6-424A-B544-9D2A5AFD2AE2}.Debug|x64.ActiveCfg = Debug|Any CPU
		{28D4D5B7-BFB6-424A-B544-9D2A5AFD2AE2}.Debug|x64.Build.0 = Debug|Any CPU
		{28D4D5B7-BFB6-424A-B544-9D2A5AFD2AE2}.Debug|x64.Deploy.0 = Debug|Any CPU
		{28D4D5B7-BFB6-424A-B544-9D2A5AFD2AE2}.Debug|x86.ActiveCfg = Debug|Any CPU
		{28D4D5B7-BFB6-424A-B544-9D2A5AFD2AE2}.Debug|x86.Build.0 = Debug|Any CPU
		{28D4D5B7-BFB6-424A-B544-9D2A5AFD2AE2}.Debug|x86.Deploy.0 = Debug|Any CPU
		{28D4D5B7-BFB6-424A-B544-9D2A5AFD2AE2}.Release|Any CPU.ActiveCfg = Release|Any CPU
		{28D4D5B7-BFB6-424A-B544-9D2A5AFD2AE2}.Release|Any CPU.Build.0 = Release|Any CPU
		{28D4D5B7-BFB6-424A-B544-9D2A5AFD2AE2}.Release|Any CPU.Deploy.0 = Release|Any CPU
		{28D4D5B7-BFB6-424A-B544-9D2A5AFD2AE2}.Release|ARM.ActiveCfg = Release|Any CPU
		{28D4D5B7-BFB6-424A-B544-9D2A5AFD2AE2}.Release|ARM.Build.0 = Release|Any CPU
		{28D4D5B7-BFB6-424A-B544-9D2A5AFD2AE2}.Release|ARM.Deploy.0 = Release|Any CPU
		{28D4D5B7-BFB6-424A-B544-9D2A5AFD2AE2}.Release|x64.ActiveCfg = Release|Any CPU
		{28D4D5B7-BFB6-424A-B544-9D2A5AFD2AE2}.Release|x64.Build.0 = Release|Any CPU
		{28D4D5B7-BFB6-424A-B544-9D2A5AFD2AE2}.Release|x64.Deploy.0 = Release|Any CPU
		{28D4D5B7-BFB6-424A-B544-9D2A5AFD2AE2}.Release|x86.ActiveCfg = Release|Any CPU
		{28D4D5B7-BFB6-424A-B544-9D2A5AFD2AE2}.Release|x86.Build.0 = Release|Any CPU
		{28D4D5B7-BFB6-424A-B544-9D2A5AFD2AE2}.Release|x86.Deploy.0 = Release|Any CPU
	EndGlobalSection
	GlobalSection(SolutionProperties) = preSolution
		HideSolutionNode = FALSE
	EndGlobalSection
EndGlobal
